
Microsoft Visual Studio Solution File, Format Version 12.00
# Visual Studio Version 17
VisualStudioVersion = 17.14.37411.7 d17.14
MinimumVisualStudioVersion = 10.0.40219.1
Project("{FAE04EC0-301F-11D3-BF4B-00C04F79EFBC}") = "Api", "Api\Api.csproj", "{DA4C9422-B0CE-48C3-B815-98170302DC1E}"
EndProject
Global
	GlobalSection(SolutionConfigurationPlatforms) = preSolution
		Debug|Any CPU = Debug|Any CPU
		Release|Any CPU = Release|Any CPU
	EndGlobalSection
	GlobalSection(ProjectConfigurationPlatforms) = postSolution
		{DA4C9422-B0CE-48C3-B815-98170302DC1E}.Debug|Any CPU.ActiveCfg = Debug|Any CPU
		{DA4C9422-B0CE-48C3-B815-98170302DC1E}.Debug|Any CPU.Build.0 = Debug|Any CPU
		{DA4C9422-B0CE-48C3-B815-98170302DC1E}.Release|Any CPU.ActiveCfg = Release|Any CPU
		{DA4C9422-B0CE-48C3-B815-98170302DC1E}.Release|Any CPU.Build.0 = Release|Any CPU
	EndGlobalSection
	GlobalSection(SolutionProperties) = preSolution
		HideSolutionNode = FALSE
	EndGlobalSection
	GlobalSection(ExtensibilityGlobals) = postSolution
		SolutionGuid = {CDD94DC9-EB2C-4166-B89A-EC54956CB111}
	EndGlobalSection
EndGlobal
